// !$*UTF8*$!
{
	archiveVersion = 1;
	classes = {
	};
	objectVersion = 50;
	objects = {

/* Begin PBXBuildFile section */
		D62621A724192AF000673AEC /* IndexRequestHandler.swift in Sources */ = {isa = PBXBuildFile; fileRef = D62621A624192AF000673AEC /* IndexRequestHandler.swift */; };
		D62621AB24192AF000673AEC /* Spotlight.appex in Embed App Extensions */ = {isa = PBXBuildFile; fileRef = D62621A424192AF000673AEC /* Spotlight.appex */; settings = {ATTRIBUTES = (RemoveHeadersOnCopy, ); }; };
		D62621B724192D1900673AEC /* ShareViewController.swift in Sources */ = {isa = PBXBuildFile; fileRef = D62621B624192D1900673AEC /* ShareViewController.swift */; };
		D62621BA24192D1900673AEC /* MainInterface.storyboard in Resources */ = {isa = PBXBuildFile; fileRef = D62621B824192D1900673AEC /* MainInterface.storyboard */; };
		D62621BE24192D1900673AEC /* Share.appex in Embed App Extensions */ = {isa = PBXBuildFile; fileRef = D62621B424192D1900673AEC /* Share.appex */; settings = {ATTRIBUTES = (RemoveHeadersOnCopy, ); }; };
		D663CC42241A263300403142 /* MailService.swift in Sources */ = {isa = PBXBuildFile; fileRef = D663CC41241A263300403142 /* MailService.swift */; };
		D6AF8F5624190F3700C8F627 /* LoginView.swift in Sources */ = {isa = PBXBuildFile; fileRef = D6AF8F5524190F3700C8F627 /* LoginView.swift */; };
		D6EADCA72418B484007F03B9 /* AppDelegate.swift in Sources */ = {isa = PBXBuildFile; fileRef = D6EADCA62418B484007F03B9 /* AppDelegate.swift */; };
		D6EADCAA2418B484007F03B9 /* examplesMail.xcdatamodeld in Sources */ = {isa = PBXBuildFile; fileRef = D6EADCA82418B484007F03B9 /* examplesMail.xcdatamodeld */; };
		D6EADCAC2418B484007F03B9 /* SceneDelegate.swift in Sources */ = {isa = PBXBuildFile; fileRef = D6EADCAB2418B484007F03B9 /* SceneDelegate.swift */; };
		D6EADCAE2418B484007F03B9 /* Mail.swift in Sources */ = {isa = PBXBuildFile; fileRef = D6EADCAD2418B484007F03B9 /* Mail.swift */; };
		D6EADCB02418B484007F03B9 /* ContentView.swift in Sources */ = {isa = PBXBuildFile; fileRef = D6EADCAF2418B484007F03B9 /* ContentView.swift */; };
		D6EADCB22418B486007F03B9 /* Assets.xcassets in Resources */ = {isa = PBXBuildFile; fileRef = D6EADCB12418B486007F03B9 /* Assets.xcassets */; };
		D6EADCB52418B486007F03B9 /* Preview Assets.xcassets in Resources */ = {isa = PBXBuildFile; fileRef = D6EADCB42418B486007F03B9 /* Preview Assets.xcassets */; };
		D6EADCB82418B486007F03B9 /* LaunchScreen.storyboard in Resources */ = {isa = PBXBuildFile; fileRef = D6EADCB62418B486007F03B9 /* LaunchScreen.storyboard */; };
		D6EADCC02418B4A8007F03B9 /* MailListCell.swift in Sources */ = {isa = PBXBuildFile; fileRef = D6EADCBF2418B4A8007F03B9 /* MailListCell.swift */; };
/* End PBXBuildFile section */

/* Begin PBXContainerItemProxy section */
		D62621A924192AF000673AEC /* PBXContainerItemProxy */ = {
			isa = PBXContainerItemProxy;
			containerPortal = D6EADC9B2418B484007F03B9 /* Project object */;
			proxyType = 1;
			remoteGlobalIDString = D62621A324192AF000673AEC;
			remoteInfo = Spotlight;
		};
		D62621BC24192D1900673AEC /* PBXContainerItemProxy */ = {
			isa = PBXContainerItemProxy;
			containerPortal = D6EADC9B2418B484007F03B9 /* Project object */;
			proxyType = 1;
			remoteGlobalIDString = D62621B324192D1900673AEC;
			remoteInfo = Share;
		};
/* End PBXContainerItemProxy section */

/* Begin PBXCopyFilesBuildPhase section */
		D62621AC24192AF000673AEC /* Embed App Extensions */ = {
			isa = PBXCopyFilesBuildPhase;
			buildActionMask = 2147483647;
			dstPath = "";
			dstSubfolderSpec = 13;
			files = (
				D62621BE24192D1900673AEC /* Share.appex in Embed App Extensions */,
				D62621AB24192AF000673AEC /* Spotlight.appex in Embed App Extensions */,
			);
			name = "Embed App Extensions";
			runOnlyForDeploymentPostprocessing = 0;
		};
/* End PBXCopyFilesBuildPhase section */

/* Begin PBXFileReference section */
		D62621A424192AF000673AEC /* Spotlight.appex */ = {isa = PBXFileReference; explicitFileType = "wrapper.app-extension"; includeInIndex = 0; path = Spotlight.appex; sourceTree = BUILT_PRODUCTS_DIR; };
		D62621A624192AF000673AEC /* IndexRequestHandler.swift */ = {isa = PBXFileReference; lastKnownFileType = sourcecode.swift; path = IndexRequestHandler.swift; sourceTree = "<group>"; };
		D62621A824192AF000673AEC /* Info.plist */ = {isa = PBXFileReference; lastKnownFileType = text.plist.xml; path = Info.plist; sourceTree = "<group>"; };
		D62621B424192D1900673AEC /* Share.appex */ = {isa = PBXFileReference; explicitFileType = "wrapper.app-extension"; includeInIndex = 0; path = Share.appex; sourceTree = BUILT_PRODUCTS_DIR; };
		D62621B624192D1900673AEC /* ShareViewController.swift */ = {isa = PBXFileReference; lastKnownFileType = sourcecode.swift; path = ShareViewController.swift; sourceTree = "<group>"; };
		D62621B924192D1900673AEC /* Base */ = {isa = PBXFileReference; lastKnownFileType = file.storyboard; name = Base; path = Base.lproj/MainInterface.storyboard; sourceTree = "<group>"; };
		D62621BB24192D1900673AEC /* Info.plist */ = {isa = PBXFileReference; lastKnownFileType = text.plist.xml; path = Info.plist; sourceTree = "<group>"; };
		D62621C224192DF000673AEC /* examplesMail.entitlements */ = {isa = PBXFileReference; lastKnownFileType = text.plist.entitlements; path = examplesMail.entitlements; sourceTree = "<group>"; };
		D663CC41241A263300403142 /* MailService.swift */ = {isa = PBXFileReference; lastKnownFileType = sourcecode.swift; path = MailService.swift; sourceTree = "<group>"; };
		D6AF8F5524190F3700C8F627 /* LoginView.swift */ = {isa = PBXFileReference; lastKnownFileType = sourcecode.swift; path = LoginView.swift; sourceTree = "<group>"; };
		D6EADCA32418B484007F03B9 /* examplesMail.app */ = {isa = PBXFileReference; explicitFileType = wrapper.application; includeInIndex = 0; path = examplesMail.app; sourceTree = BUILT_PRODUCTS_DIR; };
		D6EADCA62418B484007F03B9 /* AppDelegate.swift */ = {isa = PBXFileReference; lastKnownFileType = sourcecode.swift; path = AppDelegate.swift; sourceTree = "<group>"; };
		D6EADCA92418B484007F03B9 /* examplesMail.xcdatamodel */ = {isa = PBXFileReference; lastKnownFileType = wrapper.xcdatamodel; path = examplesMail.xcdatamodel; sourceTree = "<group>"; };
		D6EADCAB2418B484007F03B9 /* SceneDelegate.swift */ = {isa = PBXFileReference; lastKnownFileType = sourcecode.swift; path = SceneDelegate.swift; sourceTree = "<group>"; };
		D6EADCAD2418B484007F03B9 /* Mail.swift */ = {isa = PBXFileReference; lastKnownFileType = sourcecode.swift; path = Mail.swift; sourceTree = "<group>"; };
		D6EADCAF2418B484007F03B9 /* ContentView.swift */ = {isa = PBXFileReference; lastKnownFileType = sourcecode.swift; path = ContentView.swift; sourceTree = "<group>"; };
		D6EADCB12418B486007F03B9 /* Assets.xcassets */ = {isa = PBXFileReference; lastKnownFileType = folder.assetcatalog; path = Assets.xcassets; sourceTree = "<group>"; };
		D6EADCB42418B486007F03B9 /* Preview Assets.xcassets */ = {isa = PBXFileReference; lastKnownFileType = folder.assetcatalog; path = "Preview Assets.xcassets"; sourceTree = "<group>"; };
		D6EADCB72418B486007F03B9 /* Base */ = {isa = PBXFileReference; lastKnownFileType = file.storyboard; name = Base; path = Base.lproj/LaunchScreen.storyboard; sourceTree = "<group>"; };
		D6EADCB92418B486007F03B9 /* Info.plist */ = {isa = PBXFileReference; lastKnownFileType = text.plist.xml; path = Info.plist; sourceTree = "<group>"; };
		D6EADCBF2418B4A8007F03B9 /* MailListCell.swift */ = {isa = PBXFileReference; lastKnownFileType = sourcecode.swift; path = MailListCell.swift; sourceTree = "<group>"; };
/* End PBXFileReference section */

/* Begin PBXFrameworksBuildPhase section */
		D62621A124192AF000673AEC /* Frameworks */ = {
			isa = PBXFrameworksBuildPhase;
			buildActionMask = 2147483647;
			files = (
			);
			runOnlyForDeploymentPostprocessing = 0;
		};
		D62621B124192D1900673AEC /* Frameworks */ = {
			isa = PBXFrameworksBuildPhase;
			buildActionMask = 2147483647;
			files = (
			);
			runOnlyForDeploymentPostprocessing = 0;
		};
		D6EADCA02418B484007F03B9 /* Frameworks */ = {
			isa = PBXFrameworksBuildPhase;
			buildActionMask = 2147483647;
			files = (
			);
			runOnlyForDeploymentPostprocessing = 0;
		};
/* End PBXFrameworksBuildPhase section */

/* Begin PBXGroup section */
		D62621A524192AF000673AEC /* Spotlight */ = {
			isa = PBXGroup;
			children = (
				D62621A624192AF000673AEC /* IndexRequestHandler.swift */,
				D62621A824192AF000673AEC /* Info.plist */,
			);
			path = Spotlight;
			sourceTree = "<group>";
		};
		D62621B524192D1900673AEC /* Share */ = {
			isa = PBXGroup;
			children = (
				D62621B624192D1900673AEC /* ShareViewController.swift */,
				D62621B824192D1900673AEC /* MainInterface.storyboard */,
				D62621BB24192D1900673AEC /* Info.plist */,
			);
			path = Share;
			sourceTree = "<group>";
		};
		D6EADC9A2418B484007F03B9 = {
			isa = PBXGroup;
			children = (
				D6EADCA52418B484007F03B9 /* examplesMail */,
				D62621A524192AF000673AEC /* Spotlight */,
				D62621B524192D1900673AEC /* Share */,
				D6EADCA42418B484007F03B9 /* Products */,
			);
			sourceTree = "<group>";
		};
		D6EADCA42418B484007F03B9 /* Products */ = {
			isa = PBXGroup;
			children = (
				D6EADCA32418B484007F03B9 /* examplesMail.app */,
				D62621A424192AF000673AEC /* Spotlight.appex */,
				D62621B424192D1900673AEC /* Share.appex */,
			);
			name = Products;
			sourceTree = "<group>";
		};
		D6EADCA52418B484007F03B9 /* examplesMail */ = {
			isa = PBXGroup;
			children = (
				D62621C224192DF000673AEC /* examplesMail.entitlements */,
				D6EADCA62418B484007F03B9 /* AppDelegate.swift */,
				D6EADCAB2418B484007F03B9 /* SceneDelegate.swift */,
				D6EADCAD2418B484007F03B9 /* Mail.swift */,
				D6EADCAF2418B484007F03B9 /* ContentView.swift */,
				D6EADCB12418B486007F03B9 /* Assets.xcassets */,
				D6EADCB62418B486007F03B9 /* LaunchScreen.storyboard */,
				D6EADCB92418B486007F03B9 /* Info.plist */,
				D6EADCA82418B484007F03B9 /* examplesMail.xcdatamodeld */,
				D6EADCB32418B486007F03B9 /* Preview Content */,
				D6EADCBF2418B4A8007F03B9 /* MailListCell.swift */,
				D6AF8F5524190F3700C8F627 /* LoginView.swift */,
				D663CC41241A263300403142 /* MailService.swift */,
			);
			path = examplesMail;
			sourceTree = "<group>";
		};
		D6EADCB32418B486007F03B9 /* Preview Content */ = {
			isa = PBXGroup;
			children = (
				D6EADCB42418B486007F03B9 /* Preview Assets.xcassets */,
			);
			path = "Preview Content";
			sourceTree = "<group>";
		};
/* End PBXGroup section */

/* Begin PBXNativeTarget section */
		D62621A324192AF000673AEC /* Spotlight */ = {
			isa = PBXNativeTarget;
			buildConfigurationList = D62621AF24192AF000673AEC /* Build configuration list for PBXNativeTarget "Spotlight" */;
			buildPhases = (
				D62621A024192AF000673AEC /* Sources */,
				D62621A124192AF000673AEC /* Frameworks */,
				D62621A224192AF000673AEC /* Resources */,
			);
			buildRules = (
			);
			dependencies = (
			);
			name = Spotlight;
			productName = Spotlight;
			productReference = D62621A424192AF000673AEC /* Spotlight.appex */;
			productType = "com.apple.product-type.app-extension";
		};
		D62621B324192D1900673AEC /* Share */ = {
			isa = PBXNativeTarget;
			buildConfigurationList = D62621BF24192D1900673AEC /* Build configuration list for PBXNativeTarget "Share" */;
			buildPhases = (
				D62621B024192D1900673AEC /* Sources */,
				D62621B124192D1900673AEC /* Frameworks */,
				D62621B224192D1900673AEC /* Resources */,
			);
			buildRules = (
			);
			dependencies = (
			);
			name = Share;
			productName = Share;
			productReference = D62621B424192D1900673AEC /* Share.appex */;
			productType = "com.apple.product-type.app-extension";
		};
		D6EADCA22418B484007F03B9 /* examplesMail */ = {
			isa = PBXNativeTarget;
			buildConfigurationList = D6EADCBC2418B486007F03B9 /* Build configuration list for PBXNativeTarget "examplesMail" */;
			buildPhases = (
				D6EADC9F2418B484007F03B9 /* Sources */,
				D6EADCA02418B484007F03B9 /* Frameworks */,
				D6EADCA12418B484007F03B9 /* Resources */,
				D62621AC24192AF000673AEC /* Embed App Extensions */,
			);
			buildRules = (
			);
			dependencies = (
				D62621AA24192AF000673AEC /* PBXTargetDependency */,
				D62621BD24192D1900673AEC /* PBXTargetDependency */,
			);
			name = examplesMail;
			productName = examplesMail;
			productReference = D6EADCA32418B484007F03B9 /* examplesMail.app */;
			productType = "com.apple.product-type.application";
		};
/* End PBXNativeTarget section */

/* Begin PBXProject section */
		D6EADC9B2418B484007F03B9 /* Project object */ = {
			isa = PBXProject;
			attributes = {
				LastSwiftUpdateCheck = 1130;
				LastUpgradeCheck = 1130;
				ORGANIZATIONNAME = "AGIMA Education";
				TargetAttributes = {
					D62621A324192AF000673AEC = {
						CreatedOnToolsVersion = 11.3.1;
					};
					D62621B324192D1900673AEC = {
						CreatedOnToolsVersion = 11.3.1;
					};
					D6EADCA22418B484007F03B9 = {
						CreatedOnToolsVersion = 11.3.1;
					};
				};
			};
			buildConfigurationList = D6EADC9E2418B484007F03B9 /* Build configuration list for PBXProject "examplesMail" */;
			compatibilityVersion = "Xcode 9.3";
			developmentRegion = en;
			hasScannedForEncodings = 0;
			knownRegions = (
				en,
				Base,
			);
			mainGroup = D6EADC9A2418B484007F03B9;
			productRefGroup = D6EADCA42418B484007F03B9 /* Products */;
			projectDirPath = "";
			projectRoot = "";
			targets = (
				D6EADCA22418B484007F03B9 /* examplesMail */,
				D62621A324192AF000673AEC /* Spotlight */,
				D62621B324192D1900673AEC /* Share */,
			);
		};
/* End PBXProject section */

/* Begin PBXResourcesBuildPhase section */
		D62621A224192AF000673AEC /* Resources */ = {
			isa = PBXResourcesBuildPhase;
			buildActionMask = 2147483647;
			files = (
			);
			runOnlyForDeploymentPostprocessing = 0;
		};
		D62621B224192D1900673AEC /* Resources */ = {
			isa = PBXResourcesBuildPhase;
			buildActionMask = 2147483647;
			files = (
				D62621BA24192D1900673AEC /* MainInterface.storyboard in Resources */,
			);
			runOnlyForDeploymentPostprocessing = 0;
		};
		D6EADCA12418B484007F03B9 /* Resources */ = {
			isa = PBXResourcesBuildPhase;
			buildActionMask = 2147483647;
			files = (
				D6EADCB82418B486007F03B9 /* LaunchScreen.storyboard in Resources */,
				D6EADCB52418B486007F03B9 /* Preview Assets.xcassets in Resources */,
				D6EADCB22418B486007F03B9 /* Assets.xcassets in Resources */,
			);
			runOnlyForDeploymentPostprocessing = 0;
		};
/* End PBXResourcesBuildPhase section */

/* Begin PBXSourcesBuildPhase section */
		D62621A024192AF000673AEC /* Sources */ = {
			isa = PBXSourcesBuildPhase;
			buildActionMask = 2147483647;
			files = (
				D62621A724192AF000673AEC /* IndexRequestHandler.swift in Sources */,
			);
			runOnlyForDeploymentPostprocessing = 0;
		};
		D62621B024192D1900673AEC /* Sources */ = {
			isa = PBXSourcesBuildPhase;
			buildActionMask = 2147483647;
			files = (
				D62621B724192D1900673AEC /* ShareViewController.swift in Sources */,
			);
			runOnlyForDeploymentPostprocessing = 0;
		};
		D6EADC9F2418B484007F03B9 /* Sources */ = {
			isa = PBXSourcesBuildPhase;
			buildActionMask = 2147483647;
			files = (
				D663CC42241A263300403142 /* MailService.swift in Sources */,
				D6EADCC02418B4A8007F03B9 /* MailListCell.swift in Sources */,
				D6AF8F5624190F3700C8F627 /* LoginView.swift in Sources */,
				D6EADCAE2418B484007F03B9 /* Mail.swift in Sources */,
				D6EADCB02418B484007F03B9 /* ContentView.swift in Sources */,
				D6EADCA72418B484007F03B9 /* AppDelegate.swift in Sources */,
				D6EADCAA2418B484007F03B9 /* examplesMail.xcdatamodeld in Sources */,
				D6EADCAC2418B484007F03B9 /* SceneDelegate.swift in Sources */,
			);
			runOnlyForDeploymentPostprocessing = 0;
		};
/* End PBXSourcesBuildPhase section */

/* Begin PBXTargetDependency section */
		D62621AA24192AF000673AEC /* PBXTargetDependency */ = {
			isa = PBXTargetDependency;
			target = D62621A324192AF000673AEC /* Spotlight */;
			targetProxy = D62621A924192AF000673AEC /* PBXContainerItemProxy */;
		};
		D62621BD24192D1900673AEC /* PBXTargetDependency */ = {
			isa = PBXTargetDependency;
			target = D62621B324192D1900673AEC /* Share */;
			targetProxy = D62621BC24192D1900673AEC /* PBXContainerItemProxy */;
		};
/* End PBXTargetDependency section */

/* Begin PBXVariantGroup section */
		D62621B824192D1900673AEC /* MainInterface.storyboard */ = {
			isa = PBXVariantGroup;
			children = (
				D62621B924192D1900673AEC /* Base */,
			);
			name = MainInterface.storyboard;
			sourceTree = "<group>";
		};
		D6EADCB62418B486007F03B9 /* LaunchScreen.storyboard */ = {
			isa = PBXVariantGroup;
			children = (
				D6EADCB72418B486007F03B9 /* Base */,
			);
			name = LaunchScreen.storyboard;
			sourceTree = "<group>";
		};
/* End PBXVariantGroup section */

/* Begin XCBuildConfiguration section */
		D62621AD24192AF000673AEC /* Debug */ = {
			isa = XCBuildConfiguration;
			buildSettings = {
				CODE_SIGN_STYLE = Automatic;
				DEVELOPMENT_TEAM = 5W9LV3GHQ6;
				INFOPLIST_FILE = Spotlight/Info.plist;
				LD_RUNPATH_SEARCH_PATHS = (
					"$(inherited)",
					"@executable_path/Frameworks",
					"@executable_path/../../Frameworks",
				);
				PRODUCT_BUNDLE_IDENTIFIER = ru.agima.chipecdemo.Spotlight;
				PRODUCT_NAME = "$(TARGET_NAME)";
				SKIP_INSTALL = YES;
				SWIFT_VERSION = 5.0;
				TARGETED_DEVICE_FAMILY = "1,2";
			};
			name = Debug;
		};
		D62621AE24192AF000673AEC /* Release */ = {
			isa = XCBuildConfiguration;
			buildSettings = {
				CODE_SIGN_STYLE = Automatic;
				INFOPLIST_FILE = Spotlight/Info.plist;
				LD_RUNPATH_SEARCH_PATHS = (
					"$(inherited)",
					"@executable_path/Frameworks",
					"@executable_path/../../Frameworks",
				);
				PRODUCT_BUNDLE_IDENTIFIER = ru.agima.chipecdemo.Spotlight;
				PRODUCT_NAME = "$(TARGET_NAME)";
				SKIP_INSTALL = YES;
				SWIFT_VERSION = 5.0;
				TARGETED_DEVICE_FAMILY = "1,2";
			};
			name = Release;
		};
		D62621C024192D1900673AEC /* Debug */ = {
			isa = XCBuildConfiguration;
			buildSettings = {
				CODE_SIGN_STYLE = Automatic;
				DEVELOPMENT_TEAM = 5W9LV3GHQ6;
				INFOPLIST_FILE = Share/Info.plist;
				LD_RUNPATH_SEARCH_PATHS = (
					"$(inherited)",
					"@executable_path/Frameworks",
					"@executable_path/../../Frameworks",
				);
				PRODUCT_BUNDLE_IDENTIFIER = ru.agima.chipecdemo.Share;
				PRODUCT_NAME = "$(TARGET_NAME)";
				SKIP_INSTALL = YES;
				SWIFT_VERSION = 5.0;
				TARGETED_DEVICE_FAMILY = "1,2";
			};
			name = Debug;
		};
		D62621C124192D1900673AEC /* Release */ = {
			isa = XCBuildConfiguration;
			buildSettings = {
				CODE_SIGN_STYLE = Automatic;
				INFOPLIST_FILE = Share/Info.plist;
				LD_RUNPATH_SEARCH_PATHS = (
					"$(inherited)",
					"@executable_path/Frameworks",
					"@executable_path/../../Frameworks",
				);
				PRODUCT_BUNDLE_IDENTIFIER = ru.agima.chipecdemo.Share;
				PRODUCT_NAME = "$(TARGET_NAME)";
				SKIP_INSTALL = YES;
				SWIFT_VERSION = 5.0;
				TARGETED_DEVICE_FAMILY = "1,2";
			};
			name = Release;
		};
		D6EADCBA2418B486007F03B9 /* Debug */ = {
			isa = XCBuildConfiguration;
			buildSettings = {
				ALWAYS_SEARCH_USER_PATHS = NO;
				CLANG_ANALYZER_NONNULL = YES;
				CLANG_ANALYZER_NUMBER_OBJECT_CONVERSION = YES_AGGRESSIVE;
				CLANG_CXX_LANGUAGE_STANDARD = "gnu++14";
				CLANG_CXX_LIBRARY = "libc++";
				CLANG_ENABLE_MODULES = YES;
				CLANG_ENABLE_OBJC_ARC = YES;
				CLANG_ENABLE_OBJC_WEAK = YES;
				CLANG_WARN_BLOCK_CAPTURE_AUTORELEASING = YES;
				CLANG_WARN_BOOL_CONVERSION = YES;
				CLANG_WARN_COMMA = YES;
				CLANG_WARN_CONSTANT_CONVERSION = YES;
				CLANG_WARN_DEPRECATED_OBJC_IMPLEMENTATIONS = YES;
				CLANG_WARN_DIRECT_OBJC_ISA_USAGE = YES_ERROR;
				CLANG_WARN_DOCUMENTATION_COMMENTS = YES;
				CLANG_WARN_EMPTY_BODY = YES;
				CLANG_WARN_ENUM_CONVERSION = YES;
				CLANG_WARN_INFINITE_RECURSION = YES;
				CLANG_WARN_INT_CONVERSION = YES;
				CLANG_WARN_NON_LITERAL_NULL_CONVERSION = YES;
				CLANG_WARN_OBJC_IMPLICIT_RETAIN_SELF = YES;
				CLANG_WARN_OBJC_LITERAL_CONVERSION = YES;
				CLANG_WARN_OBJC_ROOT_CLASS = YES_ERROR;
				CLANG_WARN_RANGE_LOOP_ANALYSIS = YES;
				CLANG_WARN_STRICT_PROTOTYPES = YES;
				CLANG_WARN_SUSPICIOUS_MOVE = YES;
				CLANG_WARN_UNGUARDED_AVAILABILITY = YES_AGGRESSIVE;
				CLANG_WARN_UNREACHABLE_CODE = YES;
				CLANG_WARN__DUPLICATE_METHOD_MATCH = YES;
				COPY_PHASE_STRIP = NO;
				DEBUG_INFORMATION_FORMAT = dwarf;
				ENABLE_STRICT_OBJC_MSGSEND = YES;
				ENABLE_TESTABILITY = YES;
				GCC_C_LANGUAGE_STANDARD = gnu11;
				GCC_DYNAMIC_NO_PIC = NO;
				GCC_NO_COMMON_BLOCKS = YES;
				GCC_OPTIMIZATION_LEVEL = 0;
				GCC_PREPROCESSOR_DEFINITIONS = (
					"DEBUG=1",
					"$(inherited)",
				);
				GCC_WARN_64_TO_32_BIT_CONVERSION = YES;
				GCC_WARN_ABOUT_RETURN_TYPE = YES_ERROR;
				GCC_WARN_UNDECLARED_SELECTOR = YES;
				GCC_WARN_UNINITIALIZED_AUTOS = YES_AGGRESSIVE;
				GCC_WARN_UNUSED_FUNCTION = YES;
				GCC_WARN_UNUSED_VARIABLE = YES;
				IPHONEOS_DEPLOYMENT_TARGET = 13.2;
				MTL_ENABLE_DEBUG_INFO = INCLUDE_SOURCE;
				MTL_FAST_MATH = YES;
				ONLY_ACTIVE_ARCH = YES;
				SDKROOT = iphoneos;
				SWIFT_ACTIVE_COMPILATION_CONDITIONS = DEBUG;
				SWIFT_OPTIMIZATION_LEVEL = "-Onone";
			};
			name = Debug;
		};
		D6EADCBB2418B486007F03B9 /* Release */ = {
			isa = XCBuildConfiguration;
			buildSettings = {
				ALWAYS_SEARCH_USER_PATHS = NO;
				CLANG_ANALYZER_NONNULL = YES;
				CLANG_ANALYZER_NUMBER_OBJECT_CONVERSION = YES_AGGRESSIVE;
				CLANG_CXX_LANGUAGE_STANDARD = "gnu++14";
				CLANG_CXX_LIBRARY = "libc++";
				CLANG_ENABLE_MODULES = YES;
				CLANG_ENABLE_OBJC_ARC = YES;
				CLANG_ENABLE_OBJC_WEAK = YES;
				CLANG_WARN_BLOCK_CAPTURE_AUTORELEASING = YES;
				CLANG_WARN_BOOL_CONVERSION = YES;
				CLANG_WARN_COMMA = YES;
				CLANG_WARN_CONSTANT_CONVERSION = YES;
				CLANG_WARN_DEPRECATED_OBJC_IMPLEMENTATIONS = YES;
				CLANG_WARN_DIRECT_OBJC_ISA_USAGE = YES_ERROR;
				CLANG_WARN_DOCUMENTATION_COMMENTS = YES;
				CLANG_WARN_EMPTY_BODY = YES;
				CLANG_WARN_ENUM_CONVERSION = YES;
				CLANG_WARN_INFINITE_RECURSION = YES;
				CLANG_WARN_INT_CONVERSION = YES;
				CLANG_WARN_NON_LITERAL_NULL_CONVERSION = YES;
				CLANG_WARN_OBJC_IMPLICIT_RETAIN_SELF = YES;
				CLANG_WARN_OBJC_LITERAL_CONVERSION = YES;
				CLANG_WARN_OBJC_ROOT_CLASS = YES_ERROR;
				CLANG_WARN_RANGE_LOOP_ANALYSIS = YES;
				CLANG_WARN_STRICT_PROTOTYPES = YES;
				CLANG_WARN_SUSPICIOUS_MOVE = YES;
				CLANG_WARN_UNGUARDED_AVAILABILITY = YES_AGGRESSIVE;
				CLANG_WARN_UNREACHABLE_CODE = YES;
				CLANG_WARN__DUPLICATE_METHOD_MATCH = YES;
				COPY_PHASE_STRIP = NO;
				DEBUG_INFORMATION_FORMAT = "dwarf-with-dsym";
				ENABLE_NS_ASSERTIONS = NO;
				ENABLE_STRICT_OBJC_MSGSEND = YES;
				GCC_C_LANGUAGE_STANDARD = gnu11;
				GCC_NO_COMMON_BLOCKS = YES;
				GCC_WARN_64_TO_32_BIT_CONVERSION = YES;
				GCC_WARN_ABOUT_RETURN_TYPE = YES_ERROR;
				GCC_WARN_UNDECLARED_SELECTOR = YES;
				GCC_WARN_UNINITIALIZED_AUTOS = YES_AGGRESSIVE;
				GCC_WARN_UNUSED_FUNCTION = YES;
				GCC_WARN_UNUSED_VARIABLE = YES;
				IPHONEOS_DEPLOYMENT_TARGET = 13.2;
				MTL_ENABLE_DEBUG_INFO = NO;
				MTL_FAST_MATH = YES;
				SDKROOT = iphoneos;
				SWIFT_COMPILATION_MODE = wholemodule;
				SWIFT_OPTIMIZATION_LEVEL = "-O";
				VALIDATE_PRODUCT = YES;
			};
			name = Release;
		};
		D6EADCBD2418B486007F03B9 /* Debug */ = {
			isa = XCBuildConfiguration;
			buildSettings = {
				ALWAYS_EMBED_SWIFT_STANDARD_LIBRARIES = YES;
				ASSETCATALOG_COMPILER_APPICON_NAME = AppIcon;
				CODE_SIGN_ENTITLEMENTS = examplesMail/examplesMail.entitlements;
				CODE_SIGN_IDENTITY = "iPhone Developer";
				CODE_SIGN_STYLE = Manual;
				DEVELOPMENT_ASSET_PATHS = "\"examplesMail/Preview Content\"";
				DEVELOPMENT_TEAM = 5W9LV3GHQ6;
				ENABLE_PREVIEWS = YES;
				INFOPLIST_FILE = examplesMail/Info.plist;
				IPHONEOS_DEPLOYMENT_TARGET = 13.0;
				LD_RUNPATH_SEARCH_PATHS = (
					"$(inherited)",
					"@executable_path/Frameworks",
				);
				PRODUCT_BUNDLE_IDENTIFIER = ru.agima.chipecdemo;
				PRODUCT_NAME = "$(TARGET_NAME)";
				PROVISIONING_PROFILE_SPECIFIER = "chipec demo";
				SWIFT_VERSION = 5.0;
				TARGETED_DEVICE_FAMILY = "1,2";
			};
			name = Debug;
		};
		D6EADCBE2418B486007F03B9 /* Release */ = {
			isa = XCBuildConfiguration;
			buildSettings = {
				ALWAYS_EMBED_SWIFT_STANDARD_LIBRARIES = YES;
				ASSETCATALOG_COMPILER_APPICON_NAME = AppIcon;
				CODE_SIGN_ENTITLEMENTS = examplesMail/examplesMail.entitlements;
				CODE_SIGN_STYLE = Manual;
				DEVELOPMENT_ASSET_PATHS = "\"examplesMail/Preview Content\"";
				DEVELOPMENT_TEAM = "";
				ENABLE_PREVIEWS = YES;
				INFOPLIST_FILE = examplesMail/Info.plist;
				IPHONEOS_DEPLOYMENT_TARGET = 13.0;
				LD_RUNPATH_SEARCH_PATHS = (
					"$(inherited)",
					"@executable_path/Frameworks",
				);
				PRODUCT_BUNDLE_IDENTIFIER = ru.agima.chipecdemo;
				PRODUCT_NAME = "$(TARGET_NAME)";
				PROVISIONING_PROFILE_SPECIFIER = "";
				SWIFT_VERSION = 5.0;
				TARGETED_DEVICE_FAMILY = "1,2";
			};
			name = Release;
		};
/* End XCBuildConfiguration section */

/* Begin XCConfigurationList section */
		D62621AF24192AF000673AEC /* Build configuration list for PBXNativeTarget "Spotlight" */ = {
			isa = XCConfigurationList;
			buildConfigurations = (
				D62621AD24192AF000673AEC /* Debug */,
				D62621AE24192AF000673AEC /* Release */,
			);
			defaultConfigurationIsVisible = 0;
			defaultConfigurationName = Release;
		};
		D62621BF24192D1900673AEC /* Build configuration list for PBXNativeTarget "Share" */ = {
			isa = XCConfigurationList;
			buildConfigurations = (
				D62621C024192D1900673AEC /* Debug */,
				D62621C124192D1900673AEC /* Release */,
			);
			defaultConfigurationIsVisible = 0;
			defaultConfigurationName = Release;
		};
		D6EADC9E2418B484007F03B9 /* Build configuration list for PBXProject "examplesMail" */ = {
			isa = XCConfigurationList;
			buildConfigurations = (
				D6EADCBA2418B486007F03B9 /* Debug */,
				D6EADCBB2418B486007F03B9 /* Release */,
			);
			defaultConfigurationIsVisible = 0;
			defaultConfigurationName = Release;
		};
		D6EADCBC2418B486007F03B9 /* Build configuration list for PBXNativeTarget "examplesMail" */ = {
			isa = XCConfigurationList;
			buildConfigurations = (
				D6EADCBD2418B486007F03B9 /* Debug */,
				D6EADCBE2418B486007F03B9 /* Release */,
			);
			defaultConfigurationIsVisible = 0;
			defaultConfigurationName = Release;
		};
/* End XCConfigurationList section */

/* Begin XCVersionGroup section */
		D6EADCA82418B484007F03B9 /* examplesMail.xcdatamodeld */ = {
			isa = XCVersionGroup;
			children = (
				D6EADCA92418B484007F03B9 /* examplesMail.xcdatamodel */,
			);
			currentVersion = D6EADCA92418B484007F03B9 /* examplesMail.xcdatamodel */;
			path = examplesMail.xcdatamodeld;
			sourceTree = "<group>";
			versionGroupType = wrapper.xcdatamodel;
		};
/* End XCVersionGroup section */
	};
	rootObject = D6EADC9B2418B484007F03B9 /* Project object */;
}
